
Microsoft Visual Studio Solution File, Format Version 10.00
# Visual Studio 2008
Project("{8BC9CEB8-8B4A-11D0-8D11-00A0C91BC942}") = "cldib", "..\cldib\cldib.vcproj", "{C52C38F1-5DE9-49C2-B8D6-FFEB8F71E27D}"
EndProject
Project("{8BC9CEB8-8B4A-11D0-8D11-00A0C91BC942}") = "grit", "grit.vcproj", "{49578233-1F45-407D-AE9F-D87D71100E06}"
	ProjectSection(ProjectDependencies) = postProject
		{C52C38F1-5DE9-49C2-B8D6-FFEB8F71E27D} = {C52C38F1-5DE9-49C2-B8D6-FFEB8F71E27D}
		{98B6D777-A941-428A-9FED-7C9C7C0E6C5F} = {98B6D777-A941-428A-9FED-7C9C7C0E6C5F}
	EndProjectSection
EndProject
Project("{8BC9CEB8-8B4A-11D0-8D11-00A0C91BC942}") = "gritdemo", "..\gritdemo\gritdemo.vcproj", "{84754448-CBE1-4F12-B4BC-69D49F532430}"
EndProject
Project("{8BC9CEB8-8B4A-11D0-8D11-00A0C91BC942}") = "libgrit", "..\libgrit\libgrit.vcproj", "{98B6D777-A941-428A-9FED-7C9C7C0E6C5F}"
EndProject
Project("{8BC9CEB8-8B4A-11D0-8D11-00A0C91BC942}") = "test", "test.vcproj", "{1E197ECE-5C07-4917-8917-5BC420259BE2}"
	ProjectSection(ProjectDependencies) = postProject
		{C52C38F1-5DE9-49C2-B8D6-FFEB8F71E27D} = {C52C38F1-5DE9-49C2-B8D6-FFEB8F71E27D}
		{98B6D777-A941-428A-9FED-7C9C7C0E6C5F} = {98B6D777-A941-428A-9FED-7C9C7C0E6C5F}
	EndProjectSection
EndProject
Project("{8BC9CEB8-8B4A-11D0-8D11-00A0C91BC942}") = "tonclib", "..\..\..\..\gba\proj\tonc\code\tonclib\tonclib.vcproj", "{1F11FFF7-7BCD-42D3-A581-9C4C0A4885C7}"
EndProject
Project("{8BC9CEB8-8B4A-11D0-8D11-00A0C91BC942}") = "vault", "vault.vcproj", "{A4698F3C-42E2-4F69-8083-3A6843292FB8}"
EndProject
Project("{8BC9CEB8-8B4A-11D0-8D11-00A0C91BC942}") = "wingrit", "wingrit.vcproj", "{6B758931-E16E-4113-BBB3-7F4668D8C64B}"
	ProjectSection(ProjectDependencies) = postProject
		{C52C38F1-5DE9-49C2-B8D6-FFEB8F71E27D} = {C52C38F1-5DE9-49C2-B8D6-FFEB8F71E27D}
		{98B6D777-A941-428A-9FED-7C9C7C0E6C5F} = {98B6D777-A941-428A-9FED-7C9C7C0E6C5F}
	EndProjectSection
EndProject
Project("{8BC9CEB8-8B4A-11D0-8D11-00A0C91BC942}") = "yoink", "..\yoink\yoink.vcproj", "{3C2BA388-EB6B-4C15-9FCB-230330EA153B}"
	ProjectSection(ProjectDependencies) = postProject
		{C52C38F1-5DE9-49C2-B8D6-FFEB8F71E27D} = {C52C38F1-5DE9-49C2-B8D6-FFEB8F71E27D}
		{98B6D777-A941-428A-9FED-7C9C7C0E6C5F} = {98B6D777-A941-428A-9FED-7C9C7C0E6C5F}
	EndProjectSection
EndProject
Global
	GlobalSection(SolutionConfigurationPlatforms) = preSolution
		Build|Win32 = Build|Win32
		Clean|Win32 = Clean|Win32
		Debug|Win32 = Debug|Win32
		Release|Win32 = Release|Win32
	EndGlobalSection
	GlobalSection(ProjectConfigurationPlatforms) = postSolution
		{C52C38F1-5DE9-49C2-B8D6-FFEB8F71E27D}.Build|Win32.ActiveCfg = Debug|Win32
		{C52C38F1-5DE9-49C2-B8D6-FFEB8F71E27D}.Build|Win32.Build.0 = Debug|Win32
		{C52C38F1-5DE9-49C2-B8D6-FFEB8F71E27D}.Clean|Win32.ActiveCfg = Debug|Win32
		{C52C38F1-5DE9-49C2-B8D6-FFEB8F71E27D}.Clean|Win32.Build.0 = Debug|Win32
		{C52C38F1-5DE9-49C2-B8D6-FFEB8F71E27D}.Debug|Win32.ActiveCfg = Debug|Win32
		{C52C38F1-5DE9-49C2-B8D6-FFEB8F71E27D}.Debug|Win32.Build.0 = Debug|Win32
		{C52C38F1-5DE9-49C2-B8D6-FFEB8F71E27D}.Release|Win32.ActiveCfg = Release|Win32
		{C52C38F1-5DE9-49C2-B8D6-FFEB8F71E27D}.Release|Win32.Build.0 = Release|Win32
		{49578233-1F45-407D-AE9F-D87D71100E06}.Build|Win32.ActiveCfg = Debug|Win32
		{49578233-1F45-407D-AE9F-D87D71100E06}.Build|Win32.Build.0 = Debug|Win32
		{49578233-1F45-407D-AE9F-D87D71100E06}.Clean|Win32.ActiveCfg = Debug|Win32
		{49578233-1F45-407D-AE9F-D87D71100E06}.Clean|Win32.Build.0 = Debug|Win32
		{49578233-1F45-407D-AE9F-D87D71100E06}.Debug|Win32.ActiveCfg = Debug|Win32
		{49578233-1F45-407D-AE9F-D87D71100E06}.Debug|Win32.Build.0 = Debug|Win32
		{49578233-1F45-407D-AE9F-D87D71100E06}.Release|Win32.ActiveCfg = Release|Win32
		{49578233-1F45-407D-AE9F-D87D71100E06}.Release|Win32.Build.0 = Release|Win32
		{84754448-CBE1-4F12-B4BC-69D49F532430}.Build|Win32.ActiveCfg = Build|Win32
		{84754448-CBE1-4F12-B4BC-69D49F532430}.Build|Win32.Build.0 = Build|Win32
		{84754448-CBE1-4F12-B4BC-69D49F532430}.Clean|Win32.ActiveCfg = Clean|Win32
		{84754448-CBE1-4F12-B4BC-69D49F532430}.Clean|Win32.Build.0 = Clean|Win32
		{84754448-CBE1-4F12-B4BC-69D49F532430}.Debug|Win32.ActiveCfg = Build|Win32
		{84754448-CBE1-4F12-B4BC-69D49F532430}.Debug|Win32.Build.0 = Build|Win32
		{84754448-CBE1-4F12-B4BC-69D49F532430}.Release|Win32.ActiveCfg = Build|Win32
		{84754448-CBE1-4F12-B4BC-69D49F532430}.Release|Win32.Build.0 = Build|Win32
		{98B6D777-A941-428A-9FED-7C9C7C0E6C5F}.Build|Win32.ActiveCfg = Release|Win32
		{98B6D777-A941-428A-9FED-7C9C7C0E6C5F}.Build|Win32.Build.0 = Release|Win32
		{98B6D777-A941-428A-9FED-7C9C7C0E6C5F}.Clean|Win32.ActiveCfg = Release|Win32
		{98B6D777-A941-428A-9FED-7C9C7C0E6C5F}.Clean|Win32.Build.0 = Release|Win32
		{98B6D777-A941-428A-9FED-7C9C7C0E6C5F}.Debug|Win32.ActiveCfg = Debug|Win32
		{98B6D777-A941-428A-9FED-7C9C7C0E6C5F}.Debug|Win32.Build.0 = Debug|Win32
		{98B6D777-A941-428A-9FED-7C9C7C0E6C5F}.Release|Win32.ActiveCfg = Release|Win32
		{98B6D777-A941-428A-9FED-7C9C7C0E6C5F}.Release|Win32.Build.0 = Release|Win32
		{1E197ECE-5C07-4917-8917-5BC420259BE2}.Build|Win32.ActiveCfg = Debug|Win32
		{1E197ECE-5C07-4917-8917-5BC420259BE2}.Build|Win32.Build.0 = Debug|Win32
		{1E197ECE-5C07-4917-8917-5BC420259BE2}.Clean|Win32.ActiveCfg = Debug|Win32
		{1E197ECE-5C07-4917-8917-5BC420259BE2}.Clean|Win32.Build.0 = Debug|Win32
		{1E197ECE-5C07-4917-8917-5BC420259BE2}.Debug|Win32.ActiveCfg = Debug|Win32
		{1E197ECE-5C07-4917-8917-5BC420259BE2}.Debug|Win32.Build.0 = Debug|Win32
		{1E197ECE-5C07-4917-8917-5BC420259BE2}.Release|Win32.ActiveCfg = Release|Win32
		{1E197ECE-5C07-4917-8917-5BC420259BE2}.Release|Win32.Build.0 = Release|Win32
		{1F11FFF7-7BCD-42D3-A581-9C4C0A4885C7}.Build|Win32.ActiveCfg = Build|Win32
		{1F11FFF7-7BCD-42D3-A581-9C4C0A4885C7}.Build|Win32.Build.0 = Build|Win32
		{1F11FFF7-7BCD-42D3-A581-9C4C0A4885C7}.Clean|Win32.ActiveCfg = Clean|Win32
		{1F11FFF7-7BCD-42D3-A581-9C4C0A4885C7}.Clean|Win32.Build.0 = Clean|Win32
		{1F11FFF7-7BCD-42D3-A581-9C4C0A4885C7}.Debug|Win32.ActiveCfg = Build|Win32
		{1F11FFF7-7BCD-42D3-A581-9C4C0A4885C7}.Debug|Win32.Build.0 = Build|Win32
		{1F11FFF7-7BCD-42D3-A581-9C4C0A4885C7}.Release|Win32.ActiveCfg = Build|Win32
		{1F11FFF7-7BCD-42D3-A581-9C4C0A4885C7}.Release|Win32.Build.0 = Build|Win32
		{A4698F3C-42E2-4F69-8083-3A6843292FB8}.Build|Win32.ActiveCfg = Release|Win32
		{A4698F3C-42E2-4F69-8083-3A6843292FB8}.Build|Win32.Build.0 = Release|Win32
		{A4698F3C-42E2-4F69-8083-3A6843292FB8}.Clean|Win32.ActiveCfg = Release|Win32
		{A4698F3C-42E2-4F69-8083-3A6843292FB8}.Clean|Win32.Build.0 = Release|Win32
		{A4698F3C-42E2-4F69-8083-3A6843292FB8}.Debug|Win32.ActiveCfg = Debug|Win32
		{A4698F3C-42E2-4F69-8083-3A6843292FB8}.Debug|Win32.Build.0 = Debug|Win32
		{A4698F3C-42E2-4F69-8083-3A6843292FB8}.Release|Win32.ActiveCfg = Release|Win32
		{A4698F3C-42E2-4F69-8083-3A6843292FB8}.Release|Win32.Build.0 = Release|Win32
		{6B758931-E16E-4113-BBB3-7F4668D8C64B}.Build|Win32.ActiveCfg = Debug|Win32
		{6B758931-E16E-4113-BBB3-7F4668D8C64B}.Build|Win32.Build.0 = Debug|Win32
		{6B758931-E16E-4113-BBB3-7F4668D8C64B}.Clean|Win32.ActiveCfg = Debug|Win32
		{6B758931-E16E-4113-BBB3-7F4668D8C64B}.Clean|Win32.Build.0 = Debug|Win32
		{6B758931-E16E-4113-BBB3-7F4668D8C64B}.Debug|Win32.ActiveCfg = Debug|Win32
		{6B758931-E16E-4113-BBB3-7F4668D8C64B}.Debug|Win32.Build.0 = Debug|Win32
		{6B758931-E16E-4113-BBB3-7F4668D8C64B}.Release|Win32.ActiveCfg = Release|Win32
		{6B758931-E16E-4113-BBB3-7F4668D8C64B}.Release|Win32.Build.0 = Release|Win32
		{3C2BA388-EB6B-4C15-9FCB-230330EA153B}.Build|Win32.ActiveCfg = Debug|Win32
		{3C2BA388-EB6B-4C15-9FCB-230330EA153B}.Build|Win32.Build.0 = Debug|Win32
		{3C2BA388-EB6B-4C15-9FCB-230330EA153B}.Clean|Win32.ActiveCfg = Debug|Win32
		{3C2BA388-EB6B-4C15-9FCB-230330EA153B}.Clean|Win32.Build.0 = Debug|Win32
		{3C2BA388-EB6B-4C15-9FCB-230330EA153B}.Debug|Win32.ActiveCfg = Debug|Win32
		{3C2BA388-EB6B-4C15-9FCB-230330EA153B}.Debug|Win32.Build.0 = Debug|Win32
		{3C2BA388-EB6B-4C15-9FCB-230330EA153B}.Release|Win32.ActiveCfg = Release|Win32
		{3C2BA388-EB6B-4C15-9FCB-230330EA153B}.Release|Win32.Build.0 = Release|Win32
	EndGlobalSection
	GlobalSection(SolutionProperties) = preSolution
		HideSolutionNode = FALSE
	EndGlobalSection
EndGlobal
